
Microsoft Visual Studio Solution File, Format Version 12.00
# Visual Studio Version 17
VisualStudioVersion = 17.3.32819.101
MinimumVisualStudioVersion = 10.0.40219.1
Project("{9A19103F-16F7-4668-BE54-9A1E7A4F7556}") = "Outrage.Verge", "src\Outrage.Verge\Outrage.Verge.csproj", "{9B1B24C8-2748-43C0-B32C-DD987CEF38AC}"
EndProject
Project("{9A19103F-16F7-4668-BE54-9A1E7A4F7556}") = "Compose.Path", "tools\src\Compose.Path\Compose.Path.csproj", "{A972BB59-3BA1-4769-891C-7A56955F45EB}"
EndProject
Project("{9A19103F-16F7-4668-BE54-9A1E7A4F7556}") = "Compose.Serialize", "tools\src\Compose.Serialize\Compose.Serialize.csproj", "{77B8E0CE-5BAD-41D6-AC96-409F867585DC}"
EndProject
Project("{9A19103F-16F7-4668-BE54-9A1E7A4F7556}") = "Parser", "..\outrage-parser\src\Parser\Parser.csproj", "{3E5BCCEC-2F69-4822-AD71-3A0E2EE84BC2}"
EndProject
Global
	GlobalSection(SolutionConfigurationPlatforms) = preSolution
		Debug|Any CPU = Debug|Any CPU
		Release|Any CPU = Release|Any CPU
	EndGlobalSection
	GlobalSection(ProjectConfigurationPlatforms) = postSolution
		{9B1B24C8-2748-43C0-B32C-DD987CEF38AC}.Debug|Any CPU.ActiveCfg = Debug|Any CPU
		{9B1B24C8-2748-43C0-B32C-DD987CEF38AC}.Debug|Any CPU.Build.0 = Debug|Any CPU
		{9B1B24C8-2748-43C0-B32C-DD987CEF38AC}.Release|Any CPU.ActiveCfg = Release|Any CPU
		{9B1B24C8-2748-43C0-B32C-DD987CEF38AC}.Release|Any CPU.Build.0 = Release|Any CPU
		{A972BB59-3BA1-4769-891C-7A56955F45EB}.Debug|Any CPU.ActiveCfg = Debug|Any CPU
		{A972BB59-3BA1-4769-891C-7A56955F45EB}.Debug|Any CPU.Build.0 = Debug|Any CPU
		{A972BB59-3BA1-4769-891C-7A56955F45EB}.Release|Any CPU.ActiveCfg = Release|Any CPU
		{A972BB59-3BA1-4769-891C-7A56955F45EB}.Release|Any CPU.Build.0 = Release|Any CPU
		{77B8E0CE-5BAD-41D6-AC96-409F867585DC}.Debug|Any CPU.ActiveCfg = Debug|Any CPU
		{77B8E0CE-5BAD-41D6-AC96-409F867585DC}.Debug|Any CPU.Build.0 = Debug|Any CPU
		{77B8E0CE-5BAD-41D6-AC96-409F867585DC}.Release|Any CPU.ActiveCfg = Release|Any CPU
		{77B8E0CE-5BAD-41D6-AC96-409F867585DC}.Release|Any CPU.Build.0 = Release|Any CPU
		{3E5BCCEC-2F69-4822-AD71-3A0E2EE84BC2}.Debug|Any CPU.ActiveCfg = Debug|Any CPU
		{3E5BCCEC-2F69-4822-AD71-3A0E2EE84BC2}.Debug|Any CPU.Build.0 = Debug|Any CPU
		{3E5BCCEC-2F69-4822-AD71-3A0E2EE84BC2}.Release|Any CPU.ActiveCfg = Release|Any CPU
		{3E5BCCEC-2F69-4822-AD71-3A0E2EE84BC2}.Release|Any CPU.Build.0 = Release|Any CPU
	EndGlobalSection
	GlobalSection(SolutionProperties) = preSolution
		HideSolutionNode = FALSE
	EndGlobalSection
	GlobalSection(ExtensibilityGlobals) = postSolution
		SolutionGuid = {50A32D7D-B6AD-4871-A8BF-6AFBBD35D5E5}
	EndGlobalSection
EndGlobal
